
Microsoft Visual Studio Solution File, Format Version 12.00
# Visual Studio Version 17
VisualStudioVersion = 17.1.32414.318
MinimumVisualStudioVersion = 10.0.40219.1
Project("{FAE04EC0-301F-11D3-BF4B-00C04F79EFBC}") = "GestorDeEstoquesPOO", "GestorDeEstoquesPOO\GestorDeEstoquesPOO.csproj", "{F0B5B2ED-7F56-4831-87FC-E8BCC1C560C9}"
EndProject
Global
	GlobalSection(SolutionConfigurationPlatforms) = preSolution
		Debug|Any CPU = Debug|Any CPU
		Release|Any CPU = Release|Any CPU
	EndGlobalSection
	GlobalSection(ProjectConfigurationPlatforms) = postSolution
		{F0B5B2ED-7F56-4831-87FC-E8BCC1C560C9}.Debug|Any CPU.ActiveCfg = Debug|Any CPU
		{F0B5B2ED-7F56-4831-87FC-E8BCC1C560C9}.Debug|Any CPU.Build.0 = Debug|Any CPU
		{F0B5B2ED-7F56-4831-87FC-E8BCC1C560C9}.Release|Any CPU.ActiveCfg = Release|Any CPU
		{F0B5B2ED-7F56-4831-87FC-E8BCC1C560C9}.Release|Any CPU.Build.0 = Release|Any CPU
	EndGlobalSection
	GlobalSection(SolutionProperties) = preSolution
		HideSolutionNode = FALSE
	EndGlobalSection
	GlobalSection(ExtensibilityGlobals) = postSolution
		SolutionGuid = {2B980DD6-5AB7-4F66-BD66-F1A4EB5A90D5}
	EndGlobalSection
EndGlobal
